
Microsoft Visual Studio Solution File, Format Version 12.00
# Visual Studio Version 16
VisualStudioVersion = 16.0.31515.178
MinimumVisualStudioVersion = 10.0.40219.1
Project("{FAE04EC0-301F-11D3-BF4B-00C04F79EFBC}") = "APBD2", "APBD2\APBD2.csproj", "{F4A9DA01-7C32-43D2-8F34-AB0C563F56D1}"
EndProject
Global
	GlobalSection(SolutionConfigurationPlatforms) = preSolution
		Debug|Any CPU = Debug|Any CPU
		Release|Any CPU = Release|Any CPU
	EndGlobalSection
	GlobalSection(ProjectConfigurationPlatforms) = postSolution
		{F4A9DA01-7C32-43D2-8F34-AB0C563F56D1}.Debug|Any CPU.ActiveCfg = Debug|Any CPU
		{F4A9DA01-7C32-43D2-8F34-AB0C563F56D1}.Debug|Any CPU.Build.0 = Debug|Any CPU
		{F4A9DA01-7C32-43D2-8F34-AB0C563F56D1}.Release|Any CPU.ActiveCfg = Release|Any CPU
		{F4A9DA01-7C32-43D2-8F34-AB0C563F56D1}.Release|Any CPU.Build.0 = Release|Any CPU
	EndGlobalSection
	GlobalSection(SolutionProperties) = preSolution
		HideSolutionNode = FALSE
	EndGlobalSection
	GlobalSection(ExtensibilityGlobals) = postSolution
		SolutionGuid = {CF63936E-19D2-4757-94B4-CD53C10E63DC}
	EndGlobalSection
EndGlobal
